
Microsoft Visual Studio Solution File, Format Version 12.00
# Visual Studio Version 16
VisualStudioVersion = 16.0.30804.86
MinimumVisualStudioVersion = 10.0.40219.1
Project("{FAE04EC0-301F-11D3-BF4B-00C04F79EFBC}") = "30122020_SSMS_EXAMEN", "30122020_SSMS_EXAMEN\30122020_SSMS_EXAMEN.csproj", "{0F32359D-E963-4899-AD3E-A26D06E1EC82}"
EndProject
Global
	GlobalSection(SolutionConfigurationPlatforms) = preSolution
		Debug|Any CPU = Debug|Any CPU
		Release|Any CPU = Release|Any CPU
	EndGlobalSection
	GlobalSection(ProjectConfigurationPlatforms) = postSolution
		{0F32359D-E963-4899-AD3E-A26D06E1EC82}.Debug|Any CPU.ActiveCfg = Debug|Any CPU
		{0F32359D-E963-4899-AD3E-A26D06E1EC82}.Debug|Any CPU.Build.0 = Debug|Any CPU
		{0F32359D-E963-4899-AD3E-A26D06E1EC82}.Release|Any CPU.ActiveCfg = Release|Any CPU
		{0F32359D-E963-4899-AD3E-A26D06E1EC82}.Release|Any CPU.Build.0 = Release|Any CPU
	EndGlobalSection
	GlobalSection(SolutionProperties) = preSolution
		HideSolutionNode = FALSE
	EndGlobalSection
	GlobalSection(ExtensibilityGlobals) = postSolution
		SolutionGuid = {9C9CBA61-5D3A-43A3-95E6-DDC35F840995}
	EndGlobalSection
EndGlobal
